// !$*UTF8*$!
{
	archiveVersion = 1;
	classes = {
	};
	objectVersion = 50;
	objects = {

/* Begin PBXBuildFile section */
		B8691B4226A1EBE20076DBE8 /* AppDelegate.swift in Sources */ = {isa = PBXBuildFile; fileRef = B8691B4126A1EBE20076DBE8 /* AppDelegate.swift */; };
		B8691B4426A1EBE20076DBE8 /* SceneDelegate.swift in Sources */ = {isa = PBXBuildFile; fileRef = B8691B4326A1EBE20076DBE8 /* SceneDelegate.swift */; };
		B8691B4B26A1EBE20076DBE8 /* Assets.xcassets in Resources */ = {isa = PBXBuildFile; fileRef = B8691B4A26A1EBE20076DBE8 /* Assets.xcassets */; };
		B8691B4E26A1EBE20076DBE8 /* LaunchScreen.storyboard in Resources */ = {isa = PBXBuildFile; fileRef = B8691B4C26A1EBE20076DBE8 /* LaunchScreen.storyboard */; };
		B8691B5926A1EC270076DBE8 /* AppCoordinator.swift in Sources */ = {isa = PBXBuildFile; fileRef = B8691B5826A1EC270076DBE8 /* AppCoordinator.swift */; };
		B8691B5C26A1EC4D0076DBE8 /* MainTabBarController.swift in Sources */ = {isa = PBXBuildFile; fileRef = B8691B5B26A1EC4D0076DBE8 /* MainTabBarController.swift */; };
		B8691B6126A1EC900076DBE8 /* HomeCoordinator.swift in Sources */ = {isa = PBXBuildFile; fileRef = B8691B6026A1EC900076DBE8 /* HomeCoordinator.swift */; };
		B8691B6426A1ECD10076DBE8 /* EmployeViewCooridnator.swift in Sources */ = {isa = PBXBuildFile; fileRef = B8691B6326A1ECD10076DBE8 /* EmployeViewCooridnator.swift */; };
		B8691B6726A1ED050076DBE8 /* PassportListCoordinator.swift in Sources */ = {isa = PBXBuildFile; fileRef = B8691B6626A1ED050076DBE8 /* PassportListCoordinator.swift */; };
		B8691B6A26A1ED340076DBE8 /* AddEmployeDetailsCoordinator.swift in Sources */ = {isa = PBXBuildFile; fileRef = B8691B6926A1ED340076DBE8 /* AddEmployeDetailsCoordinator.swift */; };
		B8691B7A26A1ED550076DBE8 /* AddEmployeeDetailsViewController.xib in Resources */ = {isa = PBXBuildFile; fileRef = B8691B6E26A1ED550076DBE8 /* AddEmployeeDetailsViewController.xib */; };
		B8691B7B26A1ED550076DBE8 /* AddEmployeeDetailsViewController.swift in Sources */ = {isa = PBXBuildFile; fileRef = B8691B6F26A1ED550076DBE8 /* AddEmployeeDetailsViewController.swift */; };
		B8691B7C26A1ED550076DBE8 /* AddEmployeeDetailsViewModel.swift in Sources */ = {isa = PBXBuildFile; fileRef = B8691B7026A1ED550076DBE8 /* AddEmployeeDetailsViewModel.swift */; };
		B8691B7D26A1ED550076DBE8 /* HomeViewModel.swift in Sources */ = {isa = PBXBuildFile; fileRef = B8691B7226A1ED550076DBE8 /* HomeViewModel.swift */; };
		B8691B7E26A1ED550076DBE8 /* HomeViewController.swift in Sources */ = {isa = PBXBuildFile; fileRef = B8691B7326A1ED550076DBE8 /* HomeViewController.swift */; };
		B8691B7F26A1ED550076DBE8 /* PassportsListViewController.swift in Sources */ = {isa = PBXBuildFile; fileRef = B8691B7526A1ED550076DBE8 /* PassportsListViewController.swift */; };
		B8691B8026A1ED550076DBE8 /* PassportsListViewModel.swift in Sources */ = {isa = PBXBuildFile; fileRef = B8691B7626A1ED550076DBE8 /* PassportsListViewModel.swift */; };
		B8691B8126A1ED550076DBE8 /* EmployesListViewController.swift in Sources */ = {isa = PBXBuildFile; fileRef = B8691B7826A1ED550076DBE8 /* EmployesListViewController.swift */; };
		B8691B8226A1ED550076DBE8 /* EmployesListViewModel.swift in Sources */ = {isa = PBXBuildFile; fileRef = B8691B7926A1ED550076DBE8 /* EmployesListViewModel.swift */; };
		B8691B8626A1EDDB0076DBE8 /* Employe.swift in Sources */ = {isa = PBXBuildFile; fileRef = B8691B8526A1EDDB0076DBE8 /* Employe.swift */; };
		B8691B8B26A1EEB90076DBE8 /* PersistanceManager.swift in Sources */ = {isa = PBXBuildFile; fileRef = B8691B8A26A1EEB90076DBE8 /* PersistanceManager.swift */; };
		B895B50026A29E720045427A /* EmployeDataManager.swift in Sources */ = {isa = PBXBuildFile; fileRef = B895B4FF26A29E720045427A /* EmployeDataManager.swift */; };
		B8B8BAFA26A2911600B06FD6 /* RepositaryHandler.swift in Sources */ = {isa = PBXBuildFile; fileRef = B8B8BAF926A2911600B06FD6 /* RepositaryHandler.swift */; };
		B8B8BAFD26A291E200B06FD6 /* EmployeDataRespositary.swift in Sources */ = {isa = PBXBuildFile; fileRef = B8B8BAFC26A291E200B06FD6 /* EmployeDataRespositary.swift */; };
		B8B8BB0126A2952800B06FD6 /* OrganizationRecord.xcdatamodeld in Sources */ = {isa = PBXBuildFile; fileRef = B8B8BAFF26A2952800B06FD6 /* OrganizationRecord.xcdatamodeld */; };
		B8B8BB0B26A2960A00B06FD6 /* CDEmploye+CoreDataClass.swift in Sources */ = {isa = PBXBuildFile; fileRef = B8B8BB0926A2960A00B06FD6 /* CDEmploye+CoreDataClass.swift */; };
		B8B8BB0C26A2960A00B06FD6 /* CDEmploye+CoreDataProperties.swift in Sources */ = {isa = PBXBuildFile; fileRef = B8B8BB0A26A2960A00B06FD6 /* CDEmploye+CoreDataProperties.swift */; };
/* End PBXBuildFile section */

/* Begin PBXFileReference section */
		B8691B3E26A1EBE20076DBE8 /* MVVM-C-CoreData.app */ = {isa = PBXFileReference; explicitFileType = wrapper.application; includeInIndex = 0; path = "MVVM-C-CoreData.app"; sourceTree = BUILT_PRODUCTS_DIR; };
		B8691B4126A1EBE20076DBE8 /* AppDelegate.swift */ = {isa = PBXFileReference; lastKnownFileType = sourcecode.swift; path = AppDelegate.swift; sourceTree = "<group>"; };
		B8691B4326A1EBE20076DBE8 /* SceneDelegate.swift */ = {isa = PBXFileReference; lastKnownFileType = sourcecode.swift; path = SceneDelegate.swift; sourceTree = "<group>"; };
		B8691B4A26A1EBE20076DBE8 /* Assets.xcassets */ = {isa = PBXFileReference; lastKnownFileType = folder.assetcatalog; path = Assets.xcassets; sourceTree = "<group>"; };
		B8691B4D26A1EBE20076DBE8 /* Base */ = {isa = PBXFileReference; lastKnownFileType = file.storyboard; name = Base; path = Base.lproj/LaunchScreen.storyboard; sourceTree = "<group>"; };
		B8691B4F26A1EBE20076DBE8 /* Info.plist */ = {isa = PBXFileReference; lastKnownFileType = text.plist.xml; path = Info.plist; sourceTree = "<group>"; };
		B8691B5826A1EC270076DBE8 /* AppCoordinator.swift */ = {isa = PBXFileReference; lastKnownFileType = sourcecode.swift; path = AppCoordinator.swift; sourceTree = "<group>"; };
		B8691B5B26A1EC4D0076DBE8 /* MainTabBarController.swift */ = {isa = PBXFileReference; lastKnownFileType = sourcecode.swift; path = MainTabBarController.swift; sourceTree = "<group>"; };
		B8691B6026A1EC900076DBE8 /* HomeCoordinator.swift */ = {isa = PBXFileReference; lastKnownFileType = sourcecode.swift; path = HomeCoordinator.swift; sourceTree = "<group>"; };
		B8691B6326A1ECD10076DBE8 /* EmployeViewCooridnator.swift */ = {isa = PBXFileReference; lastKnownFileType = sourcecode.swift; path = EmployeViewCooridnator.swift; sourceTree = "<group>"; };
		B8691B6626A1ED050076DBE8 /* PassportListCoordinator.swift */ = {isa = PBXFileReference; lastKnownFileType = sourcecode.swift; path = PassportListCoordinator.swift; sourceTree = "<group>"; };
		B8691B6926A1ED340076DBE8 /* AddEmployeDetailsCoordinator.swift */ = {isa = PBXFileReference; lastKnownFileType = sourcecode.swift; path = AddEmployeDetailsCoordinator.swift; sourceTree = "<group>"; };
		B8691B6E26A1ED550076DBE8 /* AddEmployeeDetailsViewController.xib */ = {isa = PBXFileReference; fileEncoding = 4; lastKnownFileType = file.xib; path = AddEmployeeDetailsViewController.xib; sourceTree = "<group>"; };
		B8691B6F26A1ED550076DBE8 /* AddEmployeeDetailsViewController.swift */ = {isa = PBXFileReference; fileEncoding = 4; lastKnownFileType = sourcecode.swift; path = AddEmployeeDetailsViewController.swift; sourceTree = "<group>"; };
		B8691B7026A1ED550076DBE8 /* AddEmployeeDetailsViewModel.swift */ = {isa = PBXFileReference; fileEncoding = 4; lastKnownFileType = sourcecode.swift; path = AddEmployeeDetailsViewModel.swift; sourceTree = "<group>"; };
		B8691B7226A1ED550076DBE8 /* HomeViewModel.swift */ = {isa = PBXFileReference; fileEncoding = 4; lastKnownFileType = sourcecode.swift; path = HomeViewModel.swift; sourceTree = "<group>"; };
		B8691B7326A1ED550076DBE8 /* HomeViewController.swift */ = {isa = PBXFileReference; fileEncoding = 4; lastKnownFileType = sourcecode.swift; path = HomeViewController.swift; sourceTree = "<group>"; };
		B8691B7526A1ED550076DBE8 /* PassportsListViewController.swift */ = {isa = PBXFileReference; fileEncoding = 4; lastKnownFileType = sourcecode.swift; path = PassportsListViewController.swift; sourceTree = "<group>"; };
		B8691B7626A1ED550076DBE8 /* PassportsListViewModel.swift */ = {isa = PBXFileReference; fileEncoding = 4; lastKnownFileType = sourcecode.swift; path = PassportsListViewModel.swift; sourceTree = "<group>"; };
		B8691B7826A1ED550076DBE8 /* EmployesListViewController.swift */ = {isa = PBXFileReference; fileEncoding = 4; lastKnownFileType = sourcecode.swift; path = EmployesListViewController.swift; sourceTree = "<group>"; };
		B8691B7926A1ED550076DBE8 /* EmployesListViewModel.swift */ = {isa = PBXFileReference; fileEncoding = 4; lastKnownFileType = sourcecode.swift; path = EmployesListViewModel.swift; sourceTree = "<group>"; };
		B8691B8526A1EDDB0076DBE8 /* Employe.swift */ = {isa = PBXFileReference; lastKnownFileType = sourcecode.swift; path = Employe.swift; sourceTree = "<group>"; };
		B8691B8A26A1EEB90076DBE8 /* PersistanceManager.swift */ = {isa = PBXFileReference; lastKnownFileType = sourcecode.swift; path = PersistanceManager.swift; sourceTree = "<group>"; };
		B895B4FF26A29E720045427A /* EmployeDataManager.swift */ = {isa = PBXFileReference; lastKnownFileType = sourcecode.swift; path = EmployeDataManager.swift; sourceTree = "<group>"; };
		B8B8BAF926A2911600B06FD6 /* RepositaryHandler.swift */ = {isa = PBXFileReference; lastKnownFileType = sourcecode.swift; path = RepositaryHandler.swift; sourceTree = "<group>"; };
		B8B8BAFC26A291E200B06FD6 /* EmployeDataRespositary.swift */ = {isa = PBXFileReference; lastKnownFileType = sourcecode.swift; path = EmployeDataRespositary.swift; sourceTree = "<group>"; };
		B8B8BB0026A2952800B06FD6 /* OrganizationRecord.xcdatamodel */ = {isa = PBXFileReference; lastKnownFileType = wrapper.xcdatamodel; path = OrganizationRecord.xcdatamodel; sourceTree = "<group>"; };
		B8B8BB0926A2960A00B06FD6 /* CDEmploye+CoreDataClass.swift */ = {isa = PBXFileReference; lastKnownFileType = sourcecode.swift; path = "CDEmploye+CoreDataClass.swift"; sourceTree = "<group>"; };
		B8B8BB0A26A2960A00B06FD6 /* CDEmploye+CoreDataProperties.swift */ = {isa = PBXFileReference; lastKnownFileType = sourcecode.swift; path = "CDEmploye+CoreDataProperties.swift"; sourceTree = "<group>"; };
/* End PBXFileReference section */

/* Begin PBXFrameworksBuildPhase section */
		B8691B3B26A1EBE20076DBE8 /* Frameworks */ = {
			isa = PBXFrameworksBuildPhase;
			buildActionMask = 2147483647;
			files = (
			);
			runOnlyForDeploymentPostprocessing = 0;
		};
/* End PBXFrameworksBuildPhase section */

/* Begin PBXGroup section */
		B8691B3526A1EBE20076DBE8 = {
			isa = PBXGroup;
			children = (
				B8691B4026A1EBE20076DBE8 /* MVVM-C-CoreData */,
				B8691B3F26A1EBE20076DBE8 /* Products */,
			);
			sourceTree = "<group>";
		};
		B8691B3F26A1EBE20076DBE8 /* Products */ = {
			isa = PBXGroup;
			children = (
				B8691B3E26A1EBE20076DBE8 /* MVVM-C-CoreData.app */,
			);
			name = Products;
			sourceTree = "<group>";
		};
		B8691B4026A1EBE20076DBE8 /* MVVM-C-CoreData */ = {
			isa = PBXGroup;
			children = (
				B8691B4126A1EBE20076DBE8 /* AppDelegate.swift */,
				B8691B4326A1EBE20076DBE8 /* SceneDelegate.swift */,
				B8691B5B26A1EC4D0076DBE8 /* MainTabBarController.swift */,
				B895B4FE26A29E580045427A /* Managers */,
				B8B8BAF826A290F000B06FD6 /* Repositary */,
				B8691B8926A1EE9D0076DBE8 /* CoreDataSupportFiles */,
				B8691B8426A1EDCC0076DBE8 /* Model */,
				B8691B6C26A1ED550076DBE8 /* Screens */,
				B8691B5E26A1EC740076DBE8 /* Coordinator */,
				B8691B4A26A1EBE20076DBE8 /* Assets.xcassets */,
				B8691B4C26A1EBE20076DBE8 /* LaunchScreen.storyboard */,
				B8691B4F26A1EBE20076DBE8 /* Info.plist */,
			);
			path = "MVVM-C-CoreData";
			sourceTree = "<group>";
		};
		B8691B5E26A1EC740076DBE8 /* Coordinator */ = {
			isa = PBXGroup;
			children = (
				B8691B5826A1EC270076DBE8 /* AppCoordinator.swift */,
				B8691B6026A1EC900076DBE8 /* HomeCoordinator.swift */,
				B8691B6326A1ECD10076DBE8 /* EmployeViewCooridnator.swift */,
				B8691B6626A1ED050076DBE8 /* PassportListCoordinator.swift */,
				B8691B6926A1ED340076DBE8 /* AddEmployeDetailsCoordinator.swift */,
			);
			path = Coordinator;
			sourceTree = "<group>";
		};
		B8691B6C26A1ED550076DBE8 /* Screens */ = {
			isa = PBXGroup;
			children = (
				B8691B6D26A1ED550076DBE8 /* AddEmployeeDetails */,
				B8691B7126A1ED550076DBE8 /* HomeView */,
				B8691B7426A1ED550076DBE8 /* PassportsList */,
				B8691B7726A1ED550076DBE8 /* EmployeesList */,
			);
			path = Screens;
			sourceTree = "<group>";
		};
		B8691B6D26A1ED550076DBE8 /* AddEmployeeDetails */ = {
			isa = PBXGroup;
			children = (
				B8691B6E26A1ED550076DBE8 /* AddEmployeeDetailsViewController.xib */,
				B8691B6F26A1ED550076DBE8 /* AddEmployeeDetailsViewController.swift */,
				B8691B7026A1ED550076DBE8 /* AddEmployeeDetailsViewModel.swift */,
			);
			path = AddEmployeeDetails;
			sourceTree = "<group>";
		};
		B8691B7126A1ED550076DBE8 /* HomeView */ = {
			isa = PBXGroup;
			children = (
				B8691B7226A1ED550076DBE8 /* HomeViewModel.swift */,
				B8691B7326A1ED550076DBE8 /* HomeViewController.swift */,
			);
			path = HomeView;
			sourceTree = "<group>";
		};
		B8691B7426A1ED550076DBE8 /* PassportsList */ = {
			isa = PBXGroup;
			children = (
				B8691B7526A1ED550076DBE8 /* PassportsListViewController.swift */,
				B8691B7626A1ED550076DBE8 /* PassportsListViewModel.swift */,
			);
			path = PassportsList;
			sourceTree = "<group>";
		};
		B8691B7726A1ED550076DBE8 /* EmployeesList */ = {
			isa = PBXGroup;
			children = (
				B8691B7826A1ED550076DBE8 /* EmployesListViewController.swift */,
				B8691B7926A1ED550076DBE8 /* EmployesListViewModel.swift */,
			);
			path = EmployeesList;
			sourceTree = "<group>";
		};
		B8691B8426A1EDCC0076DBE8 /* Model */ = {
			isa = PBXGroup;
			children = (
				B8691B8526A1EDDB0076DBE8 /* Employe.swift */,
			);
			path = Model;
			sourceTree = "<group>";
		};
		B8691B8926A1EE9D0076DBE8 /* CoreDataSupportFiles */ = {
			isa = PBXGroup;
			children = (
				B8B8BB0926A2960A00B06FD6 /* CDEmploye+CoreDataClass.swift */,
				B8B8BB0A26A2960A00B06FD6 /* CDEmploye+CoreDataProperties.swift */,
				B8691B8A26A1EEB90076DBE8 /* PersistanceManager.swift */,
				B8B8BAFF26A2952800B06FD6 /* OrganizationRecord.xcdatamodeld */,
			);
			path = CoreDataSupportFiles;
			sourceTree = "<group>";
		};
		B895B4FE26A29E580045427A /* Managers */ = {
			isa = PBXGroup;
			children = (
				B895B4FF26A29E720045427A /* EmployeDataManager.swift */,
			);
			path = Managers;
			sourceTree = "<group>";
		};
		B8B8BAF826A290F000B06FD6 /* Repositary */ = {
			isa = PBXGroup;
			children = (
				B8B8BAF926A2911600B06FD6 /* RepositaryHandler.swift */,
				B8B8BAFC26A291E200B06FD6 /* EmployeDataRespositary.swift */,
			);
			path = Repositary;
			sourceTree = "<group>";
		};
/* End PBXGroup section */

/* Begin PBXNativeTarget section */
		B8691B3D26A1EBE20076DBE8 /* MVVM-C-CoreData */ = {
			isa = PBXNativeTarget;
			buildConfigurationList = B8691B5226A1EBE20076DBE8 /* Build configuration list for PBXNativeTarget "MVVM-C-CoreData" */;
			buildPhases = (
				B8691B3A26A1EBE20076DBE8 /* Sources */,
				B8691B3B26A1EBE20076DBE8 /* Frameworks */,
				B8691B3C26A1EBE20076DBE8 /* Resources */,
			);
			buildRules = (
			);
			dependencies = (
			);
			name = "MVVM-C-CoreData";
			productName = "MVVM-C-CoreData";
			productReference = B8691B3E26A1EBE20076DBE8 /* MVVM-C-CoreData.app */;
			productType = "com.apple.product-type.application";
		};
/* End PBXNativeTarget section */

/* Begin PBXProject section */
		B8691B3626A1EBE20076DBE8 /* Project object */ = {
			isa = PBXProject;
			attributes = {
				LastSwiftUpdateCheck = 1230;
				LastUpgradeCheck = 1230;
				TargetAttributes = {
					B8691B3D26A1EBE20076DBE8 = {
						CreatedOnToolsVersion = 12.3;
					};
				};
			};
			buildConfigurationList = B8691B3926A1EBE20076DBE8 /* Build configuration list for PBXProject "MVVM-C-CoreData" */;
			compatibilityVersion = "Xcode 9.3";
			developmentRegion = en;
			hasScannedForEncodings = 0;
			knownRegions = (
				en,
				Base,
			);
			mainGroup = B8691B3526A1EBE20076DBE8;
			productRefGroup = B8691B3F26A1EBE20076DBE8 /* Products */;
			projectDirPath = "";
			projectRoot = "";
			targets = (
				B8691B3D26A1EBE20076DBE8 /* MVVM-C-CoreData */,
			);
		};
/* End PBXProject section */

/* Begin PBXResourcesBuildPhase section */
		B8691B3C26A1EBE20076DBE8 /* Resources */ = {
			isa = PBXResourcesBuildPhase;
			buildActionMask = 2147483647;
			files = (
				B8691B4E26A1EBE20076DBE8 /* LaunchScreen.storyboard in Resources */,
				B8691B7A26A1ED550076DBE8 /* AddEmployeeDetailsViewController.xib in Resources */,
				B8691B4B26A1EBE20076DBE8 /* Assets.xcassets in Resources */,
			);
			runOnlyForDeploymentPostprocessing = 0;
		};
/* End PBXResourcesBuildPhase section */

/* Begin PBXSourcesBuildPhase section */
		B8691B3A26A1EBE20076DBE8 /* Sources */ = {
			isa = PBXSourcesBuildPhase;
			buildActionMask = 2147483647;
			files = (
				B8691B5926A1EC270076DBE8 /* AppCoordinator.swift in Sources */,
				B8691B7D26A1ED550076DBE8 /* HomeViewModel.swift in Sources */,
				B8B8BB0C26A2960A00B06FD6 /* CDEmploye+CoreDataProperties.swift in Sources */,
				B8691B6726A1ED050076DBE8 /* PassportListCoordinator.swift in Sources */,
				B8691B8B26A1EEB90076DBE8 /* PersistanceManager.swift in Sources */,
				B8691B8126A1ED550076DBE8 /* EmployesListViewController.swift in Sources */,
				B8691B4226A1EBE20076DBE8 /* AppDelegate.swift in Sources */,
				B8B8BB0126A2952800B06FD6 /* OrganizationRecord.xcdatamodeld in Sources */,
				B8B8BAFA26A2911600B06FD6 /* RepositaryHandler.swift in Sources */,
				B8691B6126A1EC900076DBE8 /* HomeCoordinator.swift in Sources */,
				B8691B5C26A1EC4D0076DBE8 /* MainTabBarController.swift in Sources */,
				B895B50026A29E720045427A /* EmployeDataManager.swift in Sources */,
				B8691B8626A1EDDB0076DBE8 /* Employe.swift in Sources */,
				B8691B4426A1EBE20076DBE8 /* SceneDelegate.swift in Sources */,
				B8B8BB0B26A2960A00B06FD6 /* CDEmploye+CoreDataClass.swift in Sources */,
				B8691B7F26A1ED550076DBE8 /* PassportsListViewController.swift in Sources */,
				B8691B6426A1ECD10076DBE8 /* EmployeViewCooridnator.swift in Sources */,
				B8691B7C26A1ED550076DBE8 /* AddEmployeeDetailsViewModel.swift in Sources */,
				B8691B8026A1ED550076DBE8 /* PassportsListViewModel.swift in Sources */,
				B8B8BAFD26A291E200B06FD6 /* EmployeDataRespositary.swift in Sources */,
				B8691B8226A1ED550076DBE8 /* EmployesListViewModel.swift in Sources */,
				B8691B6A26A1ED340076DBE8 /* AddEmployeDetailsCoordinator.swift in Sources */,
				B8691B7B26A1ED550076DBE8 /* AddEmployeeDetailsViewController.swift in Sources */,
				B8691B7E26A1ED550076DBE8 /* HomeViewController.swift in Sources */,
			);
			runOnlyForDeploymentPostprocessing = 0;
		};
/* End PBXSourcesBuildPhase section */

/* Begin PBXVariantGroup section */
		B8691B4C26A1EBE20076DBE8 /* LaunchScreen.storyboard */ = {
			isa = PBXVariantGroup;
			children = (
				B8691B4D26A1EBE20076DBE8 /* Base */,
			);
			name = LaunchScreen.storyboard;
			sourceTree = "<group>";
		};
/* End PBXVariantGroup section */

/* Begin XCBuildConfiguration section */
		B8691B5026A1EBE20076DBE8 /* Debug */ = {
			isa = XCBuildConfiguration;
			buildSettings = {
				ALWAYS_SEARCH_USER_PATHS = NO;
				CLANG_ANALYZER_NONNULL = YES;
				CLANG_ANALYZER_NUMBER_OBJECT_CONVERSION = YES_AGGRESSIVE;
				CLANG_CXX_LANGUAGE_STANDARD = "gnu++14";
				CLANG_CXX_LIBRARY = "libc++";
				CLANG_ENABLE_MODULES = YES;
				CLANG_ENABLE_OBJC_ARC = YES;
				CLANG_ENABLE_OBJC_WEAK = YES;
				CLANG_WARN_BLOCK_CAPTURE_AUTORELEASING = YES;
				CLANG_WARN_BOOL_CONVERSION = YES;
				CLANG_WARN_COMMA = YES;
				CLANG_WARN_CONSTANT_CONVERSION = YES;
				CLANG_WARN_DEPRECATED_OBJC_IMPLEMENTATIONS = YES;
				CLANG_WARN_DIRECT_OBJC_ISA_USAGE = YES_ERROR;
				CLANG_WARN_DOCUMENTATION_COMMENTS = YES;
				CLANG_WARN_EMPTY_BODY = YES;
				CLANG_WARN_ENUM_CONVERSION = YES;
				CLANG_WARN_INFINITE_RECURSION = YES;
				CLANG_WARN_INT_CONVERSION = YES;
				CLANG_WARN_NON_LITERAL_NULL_CONVERSION = YES;
				CLANG_WARN_OBJC_IMPLICIT_RETAIN_SELF = YES;
				CLANG_WARN_OBJC_LITERAL_CONVERSION = YES;
				CLANG_WARN_OBJC_ROOT_CLASS = YES_ERROR;
				CLANG_WARN_QUOTED_INCLUDE_IN_FRAMEWORK_HEADER = YES;
				CLANG_WARN_RANGE_LOOP_ANALYSIS = YES;
				CLANG_WARN_STRICT_PROTOTYPES = YES;
				CLANG_WARN_SUSPICIOUS_MOVE = YES;
				CLANG_WARN_UNGUARDED_AVAILABILITY = YES_AGGRESSIVE;
				CLANG_WARN_UNREACHABLE_CODE = YES;
				CLANG_WARN__DUPLICATE_METHOD_MATCH = YES;
				COPY_PHASE_STRIP = NO;
				DEBUG_INFORMATION_FORMAT = dwarf;
				ENABLE_STRICT_OBJC_MSGSEND = YES;
				ENABLE_TESTABILITY = YES;
				GCC_C_LANGUAGE_STANDARD = gnu11;
				GCC_DYNAMIC_NO_PIC = NO;
				GCC_NO_COMMON_BLOCKS = YES;
				GCC_OPTIMIZATION_LEVEL = 0;
				GCC_PREPROCESSOR_DEFINITIONS = (
					"DEBUG=1",
					"$(inherited)",
				);
				GCC_WARN_64_TO_32_BIT_CONVERSION = YES;
				GCC_WARN_ABOUT_RETURN_TYPE = YES_ERROR;
				GCC_WARN_UNDECLARED_SELECTOR = YES;
				GCC_WARN_UNINITIALIZED_AUTOS = YES_AGGRESSIVE;
				GCC_WARN_UNUSED_FUNCTION = YES;
				GCC_WARN_UNUSED_VARIABLE = YES;
				IPHONEOS_DEPLOYMENT_TARGET = 14.3;
				MTL_ENABLE_DEBUG_INFO = INCLUDE_SOURCE;
				MTL_FAST_MATH = YES;
				ONLY_ACTIVE_ARCH = YES;
				SDKROOT = iphoneos;
				SWIFT_ACTIVE_COMPILATION_CONDITIONS = DEBUG;
				SWIFT_OPTIMIZATION_LEVEL = "-Onone";
			};
			name = Debug;
		};
		B8691B5126A1EBE20076DBE8 /* Release */ = {
			isa = XCBuildConfiguration;
			buildSettings = {
				ALWAYS_SEARCH_USER_PATHS = NO;
				CLANG_ANALYZER_NONNULL = YES;
				CLANG_ANALYZER_NUMBER_OBJECT_CONVERSION = YES_AGGRESSIVE;
				CLANG_CXX_LANGUAGE_STANDARD = "gnu++14";
				CLANG_CXX_LIBRARY = "libc++";
				CLANG_ENABLE_MODULES = YES;
				CLANG_ENABLE_OBJC_ARC = YES;
				CLANG_ENABLE_OBJC_WEAK = YES;
				CLANG_WARN_BLOCK_CAPTURE_AUTORELEASING = YES;
				CLANG_WARN_BOOL_CONVERSION = YES;
				CLANG_WARN_COMMA = YES;
				CLANG_WARN_CONSTANT_CONVERSION = YES;
				CLANG_WARN_DEPRECATED_OBJC_IMPLEMENTATIONS = YES;
				CLANG_WARN_DIRECT_OBJC_ISA_USAGE = YES_ERROR;
				CLANG_WARN_DOCUMENTATION_COMMENTS = YES;
				CLANG_WARN_EMPTY_BODY = YES;
				CLANG_WARN_ENUM_CONVERSION = YES;
				CLANG_WARN_INFINITE_RECURSION = YES;
				CLANG_WARN_INT_CONVERSION = YES;
				CLANG_WARN_NON_LITERAL_NULL_CONVERSION = YES;
				CLANG_WARN_OBJC_IMPLICIT_RETAIN_SELF = YES;
				CLANG_WARN_OBJC_LITERAL_CONVERSION = YES;
				CLANG_WARN_OBJC_ROOT_CLASS = YES_ERROR;
				CLANG_WARN_QUOTED_INCLUDE_IN_FRAMEWORK_HEADER = YES;
				CLANG_WARN_RANGE_LOOP_ANALYSIS = YES;
				CLANG_WARN_STRICT_PROTOTYPES = YES;
				CLANG_WARN_SUSPICIOUS_MOVE = YES;
				CLANG_WARN_UNGUARDED_AVAILABILITY = YES_AGGRESSIVE;
				CLANG_WARN_UNREACHABLE_CODE = YES;
				CLANG_WARN__DUPLICATE_METHOD_MATCH = YES;
				COPY_PHASE_STRIP = NO;
				DEBUG_INFORMATION_FORMAT = "dwarf-with-dsym";
				ENABLE_NS_ASSERTIONS = NO;
				ENABLE_STRICT_OBJC_MSGSEND = YES;
				GCC_C_LANGUAGE_STANDARD = gnu11;
				GCC_NO_COMMON_BLOCKS = YES;
				GCC_WARN_64_TO_32_BIT_CONVERSION = YES;
				GCC_WARN_ABOUT_RETURN_TYPE = YES_ERROR;
				GCC_WARN_UNDECLARED_SELECTOR = YES;
				GCC_WARN_UNINITIALIZED_AUTOS = YES_AGGRESSIVE;
				GCC_WARN_UNUSED_FUNCTION = YES;
				GCC_WARN_UNUSED_VARIABLE = YES;
				IPHONEOS_DEPLOYMENT_TARGET = 14.3;
				MTL_ENABLE_DEBUG_INFO = NO;
				MTL_FAST_MATH = YES;
				SDKROOT = iphoneos;
				SWIFT_COMPILATION_MODE = wholemodule;
				SWIFT_OPTIMIZATION_LEVEL = "-O";
				VALIDATE_PRODUCT = YES;
			};
			name = Release;
		};
		B8691B5326A1EBE20076DBE8 /* Debug */ = {
			isa = XCBuildConfiguration;
			buildSettings = {
				ASSETCATALOG_COMPILER_APPICON_NAME = AppIcon;
				ASSETCATALOG_COMPILER_GLOBAL_ACCENT_COLOR_NAME = AccentColor;
				CODE_SIGN_STYLE = Automatic;
				INFOPLIST_FILE = "MVVM-C-CoreData/Info.plist";
				LD_RUNPATH_SEARCH_PATHS = (
					"$(inherited)",
					"@executable_path/Frameworks",
				);
				PRODUCT_BUNDLE_IDENTIFIER = "Arun.MVVM-C-CoreData";
				PRODUCT_NAME = "$(TARGET_NAME)";
				SWIFT_VERSION = 5.0;
				TARGETED_DEVICE_FAMILY = "1,2";
			};
			name = Debug;
		};
		B8691B5426A1EBE20076DBE8 /* Release */ = {
			isa = XCBuildConfiguration;
			buildSettings = {
				ASSETCATALOG_COMPILER_APPICON_NAME = AppIcon;
				ASSETCATALOG_COMPILER_GLOBAL_ACCENT_COLOR_NAME = AccentColor;
				CODE_SIGN_STYLE = Automatic;
				INFOPLIST_FILE = "MVVM-C-CoreData/Info.plist";
				LD_RUNPATH_SEARCH_PATHS = (
					"$(inherited)",
					"@executable_path/Frameworks",
				);
				PRODUCT_BUNDLE_IDENTIFIER = "Arun.MVVM-C-CoreData";
				PRODUCT_NAME = "$(TARGET_NAME)";
				SWIFT_VERSION = 5.0;
				TARGETED_DEVICE_FAMILY = "1,2";
			};
			name = Release;
		};
/* End XCBuildConfiguration section */

/* Begin XCConfigurationList section */
		B8691B3926A1EBE20076DBE8 /* Build configuration list for PBXProject "MVVM-C-CoreData" */ = {
			isa = XCConfigurationList;
			buildConfigurations = (
				B8691B5026A1EBE20076DBE8 /* Debug */,
				B8691B5126A1EBE20076DBE8 /* Release */,
			);
			defaultConfigurationIsVisible = 0;
			defaultConfigurationName = Release;
		};
		B8691B5226A1EBE20076DBE8 /* Build configuration list for PBXNativeTarget "MVVM-C-CoreData" */ = {
			isa = XCConfigurationList;
			buildConfigurations = (
				B8691B5326A1EBE20076DBE8 /* Debug */,
				B8691B5426A1EBE20076DBE8 /* Release */,
			);
			defaultConfigurationIsVisible = 0;
			defaultConfigurationName = Release;
		};
/* End XCConfigurationList section */

/* Begin XCVersionGroup section */
		B8B8BAFF26A2952800B06FD6 /* OrganizationRecord.xcdatamodeld */ = {
			isa = XCVersionGroup;
			children = (
				B8B8BB0026A2952800B06FD6 /* OrganizationRecord.xcdatamodel */,
			);
			currentVersion = B8B8BB0026A2952800B06FD6 /* OrganizationRecord.xcdatamodel */;
			path = OrganizationRecord.xcdatamodeld;
			sourceTree = "<group>";
			versionGroupType = wrapper.xcdatamodel;
		};
/* End XCVersionGroup section */
	};
	rootObject = B8691B3626A1EBE20076DBE8 /* Project object */;
}
